github.com/HugoBlox/kit/modules/blox v0.11.0 h1:CktTx80szMNpMV9qWAjKWu7AVPiyrAIDrJwVniM2Q2g=
github.com/HugoBlox/kit/modules/blox v0.11.0/go.mod h1:0F2Ss2NeylmaBP7+qx0U6zFPeMZ9NoLbAQakKXDqygo=
github.com/HugoBlox/kit/modules/blox v0.11.1-0.20260219152919-4fcfe33cc04a h1:usM5CKJ2OL8/pL4n1Eqz2ZtNE+6QjDRVbo/teOIopd4=
github.com/HugoBlox/kit/modules/blox v0.11.1-0.20260219152919-4fcfe33cc04a/go.mod h1:0F2Ss2NeylmaBP7+qx0U6zFPeMZ9NoLbAQakKXDqygo=
github.com/adityatelange/hugo-PaperMod v0.0.0-20260125152547-3bb0ca281fd1 h1:nS0GAIWJZIxy1YWwGce18ePQHB7v1Y1sxUTOOrBAIeA=
github.com/adityatelange/hugo-PaperMod v0.0.0-20260125152547-3bb0ca281fd1/go.mod h1:HCHxNMKYdGafUYjVV3ICiAqznZK2yH0iI53jqcDFDdQ=
